dependencies:
  78/esp-ml307:
    component_hash: d4de9738baaaa5e6655c686a6083e699f3605de54dc83233ff3328cf55a4f543
    dependencies:
    - name: idf
      require: private
      version: '>=5.3'
    source:
      registry_url: https://components.espressif.com/
      type: service
    version: 3.5.3
  78/esp-wifi-connect:
    component_hash: bf996fc603af1ff529668c788c7b38a8d94b1d43455af56d116d27ebb04b742a
    dependencies:
    - name: idf
      require: private
      version: '>=5.3'
    source:
      registry_url: https://components.espressif.com/
      type: service
    version: 3.0.2
  78/esp_lcd_nv3023:
    component_hash: fa88abfc19a312eb5e6f2ffa187e0a9faf67e01e758bfb979d3f9d92561a494f
    dependencies:
    - name: espressif/cmake_utilities
      registry_url: https://components.espressif.com
      require: private
      version: 0.*
    - name: idf
      require: private
      version: '>=4.4'
    source:
      registry_url: https://components.espressif.com/
      type: service
    version: 1.0.0
  78/uart-eth-modem:
    component_hash: 7284a37ea08fe0a26662ef378aef1972ccb8ac135025b55fb192c9fb3f9bc9af
    dependencies:
    - name: 78/uart-uhci
      registry_url: https://components.espressif.com
      require: private
      version: ~0.1.0
    - name: espressif/iot_eth
      registry_url: https://components.espressif.com
      require: private
      version: ^0.1.0
    - name: idf
      require: private
      version: '>=5.5.2'
    source:
      registry_url: https://components.espressif.com/
      type: service
    version: 0.2.2
  78/uart-uhci:
    component_hash: 3bcc52604e922c868552d9a2d0996e52b7fa4518c05dcaec37962488b13778eb
    dependencies:
    - name: idf
      require: private
      version: '>=5.5.2'
    source:
      registry_url: https://components.espressif.com
      type: service
    version: 0.1.0
  78/xiaozhi-fonts:
    component_hash: 19ee829a7439702e18084a313b7b86017d3b8d17a094684575edc76bb6d11023
    dependencies:
    - name: idf
      require: private
      version: '>=5.3'
    source:
      registry_url: https://components.espressif.com/
      type: service
    version: 1.6.0
  espressif/adc_battery_estimation:
    component_hash: b915167c87ed5a84b13d680bd011c2ed9a15121f1e247c6903141b9f138f3606
    dependencies:
    - name: espressif/cmake_utilities
      registry_url: https://components.espressif.com
      require: private
      version: '*'
    - name: idf
      require: private
      version: '>=5.0'
    source:
      registry_url: https://components.espressif.com/
      type: service
    version: 0.2.1
  espressif/adc_mic:
    component_hash: ca6ef69bba4dc0d3e0ce53937635ed2734d38ac947881da81b8526e6851a71a4
    dependencies:
    - name: espressif/cmake_utilities
      registry_url: https://components.espressif.com
      require: private
      version: '*'
    - name: espressif/esp_codec_dev
      registry_url: https://components.espressif.com
      require: private
      version: ^1.3.*
    - name: idf
      require: private
      version: '>=5.0'
    source:
      registry_url: https://components.espressif.com/
      type: service
    version: 0.2.1
  espressif/bmi270_sensor:
    component_hash: fac23a5ecd2effdac0fb0705988d853745b8ffb99a384f87a307b3b25d15d432
    dependencies:
    - name: espressif/cmake_utilities
      registry_url: https://components.espressif.com
      require: private
      version: 0.*
    - name: espressif/i2c_bus
      registry_url: https://components.espressif.com
      require: public
      version: '*'
    - name: idf
      require: private
      version: '>=5.3'
    source:
      registry_url: https://components.espressif.com/
      type: service
    version: 0.1.1
  espressif/button:
    component_hash: d0afa32f0e50d60bc0c6fc23f7eea98adc6b02cfe70b590bc52c23c506745287
    dependencies:
    - name: espressif/cmake_utilities
      registry_url: https://components.espressif.com
      require: private
      version: '*'
    - name: idf
      require: private
      version: '>=4.0'
    source:
      registry_url: https://components.espressif.com/
      type: service
    version: 4.1.6
  espressif/cmake_utilities:
    component_hash: 351350613ceafba240b761b4ea991e0f231ac7a9f59a9ee901f751bddc0bb18f
    dependencies:
    - name: idf
      require: private
      version: '>=4.1'
    source:
      registry_url: https://components.espressif.com
      type: service
    version: 0.5.3
  espressif/dl_fft:
    component_hash: 7dadbd644c0d7ba4733cc3726ec4cff6edf27b043725e1115861dec1609a3d28
    dependencies:
    - name: idf
      require: private
      version: '>=5.0'
    source:
      registry_url: https://components.espressif.com
      type: service
    version: 0.3.1
  espressif/esp-dsp:
    component_hash: 42dce32d46ac93dc11f60d368e29a830e9661c7345d794b8a45c343479cae636
    dependencies:
    - name: idf
      require: private
      version: '>=4.2'
    source:
      registry_url: https://components.espressif.com
      type: service
    version: 1.7.0
  espressif/esp-sr:
    component_hash: 46b1f70f8b561714b958d1c455213cca07162755d1b8df53498081199f15136f
    dependencies:
    - name: espressif/dl_fft
      registry_url: https://components.espressif.com
      require: private
      version: '>=0.2.0'
    - name: espressif/esp-dsp
      registry_url: https://components.espressif.com
      require: private
      version: 1.7.0
    - name: idf
      require: private
      version: '>=5.0'
    source:
      registry_url: https://components.espressif.com/
      type: service
    version: 2.3.1
  espressif/esp32-camera:
    component_hash: ac4228c825b891378bc0806869170d4ebc5d45ba8ebc519b4f8886a56ad2d123
    dependencies:
    - name: espressif/esp_jpeg
      registry_url: https://components.espressif.com
      require: public
      version: ^1.3.1
    - name: idf
      require: private
      version: '>=5.1'
    source:
      registry_url: https://components.espressif.com/
      type: service
    version: 2.1.5
  espressif/esp_audio_codec:
    component_hash: af4663830bc73eca58febcc34a976d003465e78ed57458aa00a14b231e392ca1
    dependencies:
    - name: idf
      require: private
      version: '>=4.4'
    source:
      registry_url: https://components.espressif.com/
      type: service
    version: 2.4.1
  espressif/esp_audio_effects:
    component_hash: 8fa2bf7356a3c7fb9a9c7d2185aba474fa033b0506886c70752f67c42cd81b3f
    dependencies: []
    source:
      registry_url: https://components.espressif.com/
      type: service
    version: 1.2.1
  espressif/esp_cam_sensor:
    component_hash: 35c1648ea87aac81da7a085d35f61b6d5ad88574bd0c5fdc4ab75efdef4ee6c1
    dependencies:
    - name: espressif/cmake_utilities
      registry_url: https://components.espressif.com
      require: private
      version: 0.*
    - name: espressif/esp_sccb_intf
      registry_url: https://components.espressif.com
      require: private
      version: '>=0.0.5'
    - name: idf
      require: private
      version: '>=5.3'
    source:
      registry_url: https://components.espressif.com
      type: service
    targets:
    - esp32p4
    - esp32s3
    - esp32c3
    - esp32c5
    - esp32c6
    - esp32c61
    version: 1.5.2
  espressif/esp_codec_dev:
    component_hash: 0d9e9bc288156eb55f79338d312e1ebf8c9dfbd5e7d13ef0f20ccb031b4e15cf
    dependencies:
    - name: idf
      require: private
      version: '>=4.0'
    source:
      registry_url: https://components.espressif.com/
      type: service
    version: 1.5.4
  espressif/esp_image_effects:
    component_hash: a35037db02862d3cef6f72c25f422ae62da6e6c88219ce03c9ea24e0315ceaaa
    dependencies:
    - name: idf
      require: private
      version: '>=5.0'
    source:
      registry_url: https://components.espressif.com/
      type: service
    version: 1.0.1
  espressif/esp_io_expander:
    component_hash: 034903704f65e3994d7cce9d080b19d89525cf6d416574b932826adf680f3942
    dependencies:
    - name: idf
      require: private
      version: '>=4.4.2'
    source:
      registry_url: https://components.espressif.com
      type: service
    version: 1.2.0
  espressif/esp_io_expander_tca9554:
    component_hash: 8a9e3a7dbef589a54f814ff22e9121da86bce19d0e1ccffa53f5df6bb346a140
    dependencies:
    - name: espressif/esp_io_expander
      registry_url: https://components.espressif.com
      require: public
      version: ^1.0.1
    - name: idf
      require: private
      version: '>=5.2'
    source:
      registry_url: https://components.espressif.com/
      type: service
    version: 2.0.0
  espressif/esp_io_expander_tca95xx_16bit:
    component_hash: a9608ba5753ae2a72e79fccd376fc4283343c0306d23505fbf8a46fafdbde2a2
    dependencies:
    - name: espressif/esp_io_expander
      registry_url: https://components.espressif.com
      require: public
      version: ^1.2.0
    - name: idf
      require: private
      version: '>=5.2'
    source:
      registry_url: https://components.espressif.com/
      type: service
    version: 2.0.2
  espressif/esp_jpeg:
    component_hash: defb83669293cbf86d0fa86b475ba5517aceed04ed70db435388c151ab37b5d7
    dependencies:
    - name: idf
      require: private
      version: '>=5.0'
    source:
      registry_url: https://components.espressif.com
      type: service
    version: 1.3.1
  espressif/esp_lcd_axs15231b:
    component_hash: e614bd75827e95800e39df1ba9474166060ab26c3807d06df9cc312a27021cda
    dependencies:
    - name: espressif/cmake_utilities
      registry_url: https://components.espressif.com
      require: private
      version: 0.*
    - name: espressif/esp_lcd_touch
      registry_url: https://components.espressif.com
      require: public
      version: ^1
    - name: idf
      require: private
      version: '>5.0.4,!=5.1.1'
    source:
      registry_url: https://components.espressif.com/
      type: service
    version: 1.0.1~1
  espressif/esp_lcd_gc9a01:
    component_hash: 09ddc8f5c9d718a659ffa30a4040e1ae75077e68492c38aec8c2beaaa7b3a9bc
    dependencies:
    - name: espressif/cmake_utilities
      registry_url: https://components.espressif.com
      require: private
      version: 0.*
    - name: idf
      require: private
      version: '>=4.4'
    source:
      registry_url: https://components.espressif.com/
      type: service
    version: 2.0.1
  espressif/esp_lcd_ili9341:
    component_hash: 31f1b793aa2110dd2ae071c21ccbff0a4eb20d9a4ee40b6294c0dc0ad9552c4e
    dependencies:
    - name: idf
      require: private
      version: '>=4.4'
    - name: espressif/cmake_utilities
      registry_url: https://components.espressif.com
      require: private
      version: 0.*
    source:
      registry_url: https://components.espressif.com/
      type: service
    version: 1.2.0
  espressif/esp_lcd_panel_io_additions:
    component_hash: 213d5c4a3c322a48c9f993d6bc2372206d34af95db34e87a3e02601bdcad7ce8
    dependencies:
    - name: idf
      require: private
      version: '>=4.4.2'
    - name: espressif/cmake_utilities
      registry_url: https://components.espressif.com
      require: private
      version: 0.*
    - name: espressif/esp_io_expander
      registry_url: https://components.espressif.com
      require: public
      version: ^1
    source:
      registry_url: https://components.espressif.com/
      type: service
    version: 1.0.1
  espressif/esp_lcd_spd2010:
    component_hash: 8637c97feeb8d83ba637599f6bf4ef30e83595486930e7df17ffa24f3fef1242
    dependencies:
    - name: idf
      require: private
      version: '>5.0.4,!=5.1.1'
    - name: espressif/cmake_utilities
      registry_url: https://components.espressif.com
      require: private
      version: 0.*
    source:
      registry_url: https://components.espressif.com/
      type: service
    version: 1.0.2
  espressif/esp_lcd_st7701:
    component_hash: 0b11e8733e51e12da83003b9d475777eaf47bfbdce01379879bd2504d14f4f83
    dependencies:
    - name: espressif/cmake_utilities
      registry_url: https://components.espressif.com
      require: private
      version: 0.*
    - name: idf
      require: private
      version: '>5.0.4,!=5.1.1'
    source:
      registry_url: https://components.espressif.com/
      type: service
    targets:
    - esp32s3
    - esp32p4
    version: 1.1.5
  espressif/esp_lcd_st77916:
    component_hash: 5fa0f8b1274576d4484e2b8d9358e2a5d09c721511bef0dce6a55b4206b5f0e9
    dependencies:
    - name: espressif/cmake_utilities
      registry_url: https://components.espressif.com
      require: private
      version: 0.*
    - name: idf
      require: private
      version: '>5.0.4,!=5.1.1'
    source:
      registry_url: https://components.espressif.com/
      type: service
    version: 1.0.1
  espressif/esp_lcd_st7796:
    component_hash: c37b10363125eb3b4757d509392ffca963c27262b61939fdb49a7b18eeef975c
    dependencies:
    - name: espressif/cmake_utilities
      registry_url: https://components.espressif.com
      require: private
      version: 0.*
    - name: idf
      require: private
      version: '>=4.4'
    source:
      registry_url: https://components.espressif.com/
      type: service
    targets:
    - esp32
    - esp32s2
    - esp32s3
    - esp32p4
    version: 1.3.5
  espressif/esp_lcd_touch:
    component_hash: 3f85a7d95af876f1a6ecca8eb90a81614890d0f03a038390804e5a77e2caf862
    dependencies:
    - name: idf
      require: private
      version: '>=4.4.2'
    source:
      registry_url: https://components.espressif.com
      type: service
    version: 1.2.1
  espressif/esp_lcd_touch_cst816s:
    component_hash: 6b11c489952c121396d4eaf5804b45e3f1f8dcd2c548dc6f2cbedf68622b013d
    dependencies:
    - name: espressif/esp_lcd_touch
      registry_url: https://components.espressif.com
      require: public
      version: ^1.2.0
    - name: idf
      require: private
      version: '>=4.4.2'
    source:
      registry_url: https://components.espressif.com/
      type: service
    version: 1.1.1
  espressif/esp_lcd_touch_ft5x06:
    component_hash: abaec05f46a793549b60afdda9eff86e3c8e87782c8c169007911232388d2858
    dependencies:
    - name: espressif/esp_lcd_touch
      registry_url: https://components.espressif.com
      require: public
      version: ^1.0.4
    - name: idf
      require: private
      version: '>=4.4.2'
    source:
      registry_url: https://components.espressif.com/
      type: service
    version: 1.0.7
  espressif/esp_lcd_touch_gt1151:
    component_hash: acd0fb87e8b58dc90cebda8438ee31c068975c15c040a62723843ca0420d38b6
    dependencies:
    - name: espressif/esp_lcd_touch
      registry_url: https://components.espressif.com
      require: public
      version: ^1.2.0
    - name: idf
      require: private
      version: '>=4.4.2'
    source:
      registry_url: https://components.espressif.com/
      type: service
    version: 1.1.0
  espressif/esp_lcd_touch_gt911:
    component_hash: be02e243d18b9a661bc13b0d22c0a5cfa3f708cf04d6eb059772276c8c8a4d76
    dependencies:
    - name: espressif/esp_lcd_touch
      registry_url: https://components.espressif.com
      require: public
      version: ^1.2.0
    - name: idf
      require: private
      version: '>=4.4.2'
    source:
      registry_url: https://components.espressif.com/
      type: service
    version: 1.2.0~1
  espressif/esp_lcd_touch_st7123:
    component_hash: 717080a55368a5ca3e3704081a75ddab3e0b8884e335e73b7094beb8ae55f195
    dependencies:
    - name: espressif/cmake_utilities
      registry_url: https://components.espressif.com
      require: private
      version: 0.*
    - name: espressif/esp_lcd_touch
      registry_url: https://components.espressif.com
      require: public
      version: ^1
    - name: idf
      require: private
      version: '>=4.4.2'
    source:
      registry_url: https://components.espressif.com/
      type: service
    version: 1.0.1
  espressif/esp_lvgl_port:
    component_hash: b6360960f47b6776462e7092861b3ea66477ffb762a01baa0aecbb3d74cd50f4
    dependencies:
    - name: idf
      require: private
      version: '>=5.1'
    - name: lvgl/lvgl
      registry_url: https://components.espressif.com
      require: public
      version: '>=8,<10'
    source:
      registry_url: https://components.espressif.com/
      type: service
    version: 2.7.2
  espressif/esp_mmap_assets:
    component_hash: 91d785326b03db15e2f7f1314d8c976d38f21aa5759b570dcbbc89bcf247fd27
    dependencies:
    - name: espressif/cmake_utilities
      registry_url: https://components.espressif.com
      require: private
      version: 0.*
    - name: idf
      require: private
      version: '>=5.0'
    source:
      registry_url: https://components.espressif.com/
      type: service
    version: 1.4.0
  espressif/esp_new_jpeg:
    component_hash: e6af208a875abd0ecfc0213d3751a11b504b463ebde6930f24096047925fa5c1
    dependencies: []
    source:
      registry_url: https://components.espressif.com/
      type: service
    targets:
    - esp32
    - esp32s2
    - esp32s3
    - esp32p4
    - esp32c2
    - esp32c3
    - esp32c5
    - esp32c6
    version: 0.6.1
  espressif/esp_sccb_intf:
    component_hash: c071b189e49f40940722aea01a5489f873385cc39cd5b14012341135b85d1a9d
    dependencies:
    - name: idf
      require: private
      version: '>=5.3'
    source:
      registry_url: https://components.espressif.com
      type: service
    version: 0.0.8
  espressif/esp_video:
    component_hash: fbad1178f39cb5a81ed808c460c851b911a9858db833e2e667ada988022c0660
    dependencies:
    - name: espressif/cmake_utilities
      registry_url: https://components.espressif.com
      require: private
      version: 0.*
    - name: espressif/esp_cam_sensor
      registry_url: https://components.espressif.com
      require: private
      version: 1.5.*
    - name: espressif/esp_h264
      registry_url: https://components.espressif.com
      require: private
      rules:
      - if: target in [esp32p4]
      version: 1.0.4
    - name: espressif/esp_ipa
      registry_url: https://components.espressif.com
      require: private
      rules:
      - if: target in [esp32p4]
      version: ~1.2.0
    - name: idf
      require: private
      version: '>=5.4'
    - name: espressif/usb
      registry_url: https://components.espressif.com
      require: private
      rules:
      - if: target in [esp32p4, esp32s3]
      - if: idf_version >=6.0
      version: '*'
    - name: espressif/usb_host_uvc
      registry_url: https://components.espressif.com
      require: private
      rules:
      - if: target in [esp32p4, esp32s3]
      version: 2.3.*
    source:
      registry_url: https://components.espressif.com/
      type: service
    targets:
    - esp32p4
    - esp32s3
    - esp32c3
    - esp32c5
    - esp32c6
    - esp32c61
    version: 1.3.1
  espressif/freetype:
    component_hash: a4169cdd22b3572342b2d640d7082405b8895e3214539283601c03412589b65d
    dependencies:
    - name: idf
      require: private
      version: '>=4.4'
    source:
      registry_url: https://components.espressif.com
      type: service
    version: 2.14.2
  espressif/i2c_bus:
    component_hash: 4e990dc11734316186b489b362c61d41f23f79d58bc169795cec215e528cba14
    dependencies:
    - name: espressif/cmake_utilities
      registry_url: https://components.espressif.com
      require: private
      version: '*'
    - name: idf
      require: private
      version: '>=4.0'
    source:
      registry_url: https://components.espressif.com
      type: service
    version: 1.5.0
  espressif/iot_eth:
    component_hash: ffcea72f079264b6905e428a406cb6d2512dfede10d100c49d3486dd78dc1873
    dependencies:
    - name: espressif/cmake_utilities
      registry_url: https://components.espressif.com
      require: private
      version: '*'
    - name: idf
      require: private
      version: '>=4.4'
    source:
      registry_url: https://components.espressif.com
      type: service
    version: 0.1.0
  espressif/iot_usbh_cdc:
    component_hash: 6b30e8eeef1a3320a3bc0c27980c62826ed134b681be6f424366f3d78c291814
    dependencies:
    - name: idf
      require: private
      version: '>=5.1'
    - name: espressif/cmake_utilities
      registry_url: https://components.espressif.com
      require: private
      version: '*'
    source:
      registry_url: https://components.espressif.com
      type: service
    targets:
    - esp32s2
    - esp32s3
    - esp32p4
    version: 3.0.0
  espressif/iot_usbh_rndis:
    component_hash: 0d91d9c79980fe0d2b59ecae9341d91852b7eb3356cc0e708f76425a3604ff5b
    dependencies:
    - name: espressif/cmake_utilities
      registry_url: https://components.espressif.com
      require: private
      version: '*'
    - name: espressif/iot_eth
      registry_url: https://components.espressif.com
      require: public
      version: '*'
    - name: espressif/iot_usbh_cdc
      registry_url: https://components.espressif.com
      require: public
      version: ^3.0
    - name: idf
      require: private
      version: '>=5.2'
    source:
      registry_url: https://components.espressif.com/
      type: service
    targets:
    - esp32s2
    - esp32s3
    - esp32p4
    version: 0.3.1
  espressif/knob:
    component_hash: 138ed090b4c9090a0a678f695b9d1884b368130c729b7333ed35bd7f4e8da80e
    dependencies:
    - name: espressif/cmake_utilities
      registry_url: https://components.espressif.com
      require: private
      version: 0.*
    - name: idf
      require: private
      version: '>=4.4.1'
    source:
      registry_url: https://components.espressif.com/
      type: service
    version: 1.0.2
  espressif/led_strip:
    component_hash: 28621486f77229aaf81c71f5e15d6fbf36c2949cf11094e07090593e659e7639
    dependencies:
    - name: idf
      require: private
      version: '>=5.0'
    source:
      registry_url: https://components.espressif.com/
      type: service
    version: 3.0.3
  espressif/usb_host_uvc:
    component_hash: b0cb9a3a2eaa09dc6e5cc3e47e04d0a73e47c2d3dcfb3afce959224a1fe5fb5e
    dependencies:
    - name: idf
      require: private
      version: '>=5.0'
    - name: espressif/usb
      registry_url: https://components.espressif.com
      require: public
      rules:
      - if: idf_version >=6.0
      - if: target not in ["linux"]
      version: ^1.0.0
    source:
      registry_url: https://components.espressif.com
      type: service
    targets:
    - esp32s2
    - esp32s3
    - esp32p4
    - esp32h4
    - linux
    version: 2.3.1
  espressif2022/esp_emote_assets:
    component_hash: 1f1ed784c66234e6643b7865f9b1e117bdc71cb5b6c2208b720ea485db76e53a
    dependencies:
    - name: idf
      require: private
      version: '>=5.0'
    source:
      registry_url: https://components.espressif.com
      type: service
    version: 0.1.2
  espressif2022/esp_emote_expression:
    component_hash: fce5c4210e5ea2116cec29b09494d0e21e67c56fc09a0222f2826091d7d0151c
    dependencies:
    - name: espressif/cmake_utilities
      registry_url: https://components.espressif.com
      require: public
      version: 0.*
    - name: espressif/esp_mmap_assets
      registry_url: https://components.espressif.com
      require: public
      version: 1.*
    - name: espressif2022/esp_emote_assets
      registry_url: https://components.espressif.com
      require: private
      version: ^0.1.0
    - name: espressif2022/esp_emote_gfx
      registry_url: https://components.espressif.com
      require: public
      version: ^2.0.0
    - name: idf
      require: private
      version: '>=5.0'
    source:
      registry_url: https://components.espressif.com/
      type: service
    version: 0.1.0~3
  espressif2022/esp_emote_gfx:
    component_hash: 404d37c407398de0c5696a56d87cd028623b9da76bd130a3a1d26b429165688c
    dependencies:
    - name: espressif/cmake_utilities
      registry_url: https://components.espressif.com
      require: private
      version: 0.*
    - name: espressif/esp_lcd_touch
      registry_url: https://components.espressif.com
      require: public
      version: '>=1.0'
    - name: espressif/esp_new_jpeg
      registry_url: https://components.espressif.com
      require: public
      version: 0.6.*
    - name: espressif/freetype
      registry_url: https://components.espressif.com
      require: private
      version: 2.*
    - name: idf
      require: private
      version: '>=5.0'
    - name: laride/heatshrink
      registry_url: https://components.espressif.com
      require: private
      version: ^0.4.1
    - name: lvgl/lvgl
      registry_url: https://components.espressif.com
      require: public
      version: '*'
    source:
      registry_url: https://components.espressif.com
      type: service
    version: 2.1.0
  espressif2022/image_player:
    component_hash: 0e42ed1c9665debd15f2f3e7e56519100e75e446410962226cb5e5402da3fa43
    dependencies:
    - name: espressif/cmake_utilities
      registry_url: https://components.espressif.com
      require: private
      version: 0.*
    - name: idf
      require: private
      version: '>=5.0'
    source:
      registry_url: https://components.espressif.com/
      type: service
    version: 1.1.1
  idf:
    source:
      type: idf
    version: 5.5.3
  laride/heatshrink:
    component_hash: 0828b0fea3f0754f8404a5279e883c52fe27494bbe1762e38d5cd96c99229e47
    dependencies:
    - name: idf
      require: private
      version: '>=5'
    source:
      registry_url: https://components.espressif.com
      type: service
    version: 0.4.1
  lvgl/lvgl:
    component_hash: 17e68bfd21f0edf4c3ee838e2273da840bf3930e5dbc3bfa6c1190c3aed41f9f
    dependencies: []
    source:
      registry_url: https://components.espressif.com/
      type: service
    version: 9.4.0
  tny-robotics/sh1106-esp-idf:
    component_hash: 7be190d7c58cd635adf8b74b3a841f8245f2f82f36d135a64d8e53cfab39124d
    dependencies: []
    source:
      registry_url: https://components.espressif.com/
      type: service
    version: 1.0.0
  txp666/otto-emoji-gif-component:
    component_hash: 8da812ae44707af319a20e164e8b544199fe401436167c206e684594e0a38c5d
    dependencies:
    - name: lvgl/lvgl
      registry_url: https://components.espressif.com
      require: private
      version: '>=9.0'
    source:
      registry_url: https://components.espressif.com/
      type: service
    version: 1.1.1
  waveshare/custom_io_expander_ch32v003:
    component_hash: fefced27c762ed97a3523c9d90d66050deea7eeb7e9eae6328e4ab1a71125d26
    dependencies:
    - name: espressif/esp_io_expander
      registry_url: https://components.espressif.com
      require: public
      version: ^1.0.1
    - name: idf
      require: private
      version: '>=5.3'
    source:
      registry_url: https://components.espressif.com/
      type: service
    version: 1.0.1
  waveshare/esp_lcd_sh8601:
    component_hash: 1a2829e9db4e0515bad6ce83368f199dec60519fbba40251d6c8249f5d070ae1
    dependencies:
    - name: espressif/cmake_utilities
      registry_url: https://components.espressif.com
      require: private
      version: 0.*
    - name: idf
      require: private
      version: '>=5.3'
    source:
      registry_url: https://components.espressif.com/
      type: service
    version: 1.0.2
  waveshare/esp_lcd_touch_cst9217:
    component_hash: 27a00845832b7987cacf4c4125cbed5415d940987583065b01870ac080930856
    dependencies:
    - name: espressif/esp_lcd_touch
      registry_url: https://components.espressif.com
      require: public
      version: ^1.1.0
    - name: idf
      require: private
      version: '>=4.4.2'
    source:
      registry_url: https://components.espressif.com/
      type: service
    version: 1.0.4
  wvirgil123/sscma_client:
    component_hash: bf7d4a1f157303f4850d0b9b465c733ce38e8689ff40ac4743a44520524c41d5
    dependencies:
    - name: espressif/esp_io_expander
      registry_url: https://components.espressif.com
      require: private
      version: ^1.0.1
    - name: idf
      require: private
      version: '>=4.4.2'
    source:
      registry_url: https://components.espressif.com/
      type: service
    version: 1.0.2
direct_dependencies:
- 78/esp-ml307
- 78/esp-wifi-connect
- 78/esp_lcd_nv3023
- 78/uart-eth-modem
- 78/xiaozhi-fonts
- espressif/adc_battery_estimation
- espressif/adc_mic
- espressif/bmi270_sensor
- espressif/button
- espressif/esp-sr
- espressif/esp32-camera
- espressif/esp_audio_codec
- espressif/esp_audio_effects
- espressif/esp_codec_dev
- espressif/esp_image_effects
- espressif/esp_io_expander_tca9554
- espressif/esp_io_expander_tca95xx_16bit
- espressif/esp_lcd_axs15231b
- espressif/esp_lcd_gc9a01
- espressif/esp_lcd_ili9341
- espressif/esp_lcd_panel_io_additions
- espressif/esp_lcd_spd2010
- espressif/esp_lcd_st7701
- espressif/esp_lcd_st77916
- espressif/esp_lcd_st7796
- espressif/esp_lcd_touch_cst816s
- espressif/esp_lcd_touch_ft5x06
- espressif/esp_lcd_touch_gt1151
- espressif/esp_lcd_touch_gt911
- espressif/esp_lcd_touch_st7123
- espressif/esp_lvgl_port
- espressif/esp_mmap_assets
- espressif/esp_new_jpeg
- espressif/esp_video
- espressif/iot_usbh_rndis
- espressif/knob
- espressif/led_strip
- espressif2022/esp_emote_expression
- espressif2022/image_player
- idf
- lvgl/lvgl
- tny-robotics/sh1106-esp-idf
- txp666/otto-emoji-gif-component
- waveshare/custom_io_expander_ch32v003
- waveshare/esp_lcd_sh8601
- waveshare/esp_lcd_touch_cst9217
- wvirgil123/sscma_client
manifest_hash: d0542aed743d070e8c24661353e4ed8f1e292ea4276b8d28cc4447b4ee174567
target: esp32s3
version: 2.0.0
